
Microsoft Visual Studio Solution File, Format Version 12.00
# Visual Studio 14
VisualStudioVersion = 14.0.25123.0
MinimumVisualStudioVersion = 10.0.40219.1
Project("{2150E333-8FDC-42A3-9474-1A3956D46DE8}") = "src", "src", "{D6DF7664-F840-4A2A-AD99-BFEF8ADFDCC5}"
EndProject
Project("{2150E333-8FDC-42A3-9474-1A3956D46DE8}") = "Solution Items", "Solution Items", "{CEE526BB-2F45-4CE7-94FF-545496B57361}"
	ProjectSection(SolutionItems) = preProject
		global.json = global.json
	EndProjectSection
EndProject
Project("{8BB2217D-0F2D-49D1-97BC-3654ED321F3B}") = "IdentityServerStart", "src\IdentityServerStart\IdentityServerStart.xproj", "{C55AA8EA-12B7-45E5-B95E-06D44E7435A2}"
EndProject
Global
	GlobalSection(SolutionConfigurationPlatforms) = preSolution
		Debug|Any CPU = Debug|Any CPU
		Release|Any CPU = Release|Any CPU
	EndGlobalSection
	GlobalSection(ProjectConfigurationPlatforms) = postSolution
		{C55AA8EA-12B7-45E5-B95E-06D44E7435A2}.Debug|Any CPU.ActiveCfg = Debug|Any CPU
		{C55AA8EA-12B7-45E5-B95E-06D44E7435A2}.Debug|Any CPU.Build.0 = Debug|Any CPU
		{C55AA8EA-12B7-45E5-B95E-06D44E7435A2}.Release|Any CPU.ActiveCfg = Release|Any CPU
		{C55AA8EA-12B7-45E5-B95E-06D44E7435A2}.Release|Any CPU.Build.0 = Release|Any CPU
	EndGlobalSection
	GlobalSection(SolutionProperties) = preSolution
		HideSolutionNode = FALSE
	EndGlobalSection
	GlobalSection(NestedProjects) = preSolution
		{C55AA8EA-12B7-45E5-B95E-06D44E7435A2} = {D6DF7664-F840-4A2A-AD99-BFEF8ADFDCC5}
	EndGlobalSection
EndGlobal
